
Microsoft Visual Studio Solution File, Format Version 12.00
# Visual Studio 14
VisualStudioVersion = 14.0.22823.1
MinimumVisualStudioVersion = 10.0.40219.1
Project("{8BC9CEB8-8B4A-11D0-8D11-00A0C91BC942}") = "Wektor", "Vector\Vector.vcxproj", "{66547A58-E2AE-4721-B95E-740C84A2EA2C}"
EndProject
Project("{8BC9CEB8-8B4A-11D0-8D11-00A0C91BC942}") = "Complex", "Complex\Complex.vcxproj", "{95137454-827B-452A-8356-B3DC8697B70C}"
EndProject
Project("{8BC9CEB8-8B4A-11D0-8D11-00A0C91BC942}") = "Rule of Three", "Rule of Three\Rule of Three.vcxproj", "{DCEAA9E2-D157-4AC2-B4C8-DDB26A6AD18C}"
EndProject
Project("{8BC9CEB8-8B4A-11D0-8D11-00A0C91BC942}") = "Mutex", "Mutex\Mutex.vcxproj", "{2589F435-D486-4BCC-9967-F4ECD216508D}"
EndProject
Project("{8BC9CEB8-8B4A-11D0-8D11-00A0C91BC942}") = "RAII", "RAII\RAII.vcxproj", "{35AAC318-90AC-474F-A8D1-0090FA7ECF10}"
EndProject
Global
	GlobalSection(SolutionConfigurationPlatforms) = preSolution
		Debug|x86 = Debug|x86
		Release|x86 = Release|x86
	EndGlobalSection
	GlobalSection(ProjectConfigurationPlatforms) = postSolution
		{66547A58-E2AE-4721-B95E-740C84A2EA2C}.Debug|x86.ActiveCfg = Debug|Win32
		{66547A58-E2AE-4721-B95E-740C84A2EA2C}.Debug|x86.Build.0 = Debug|Win32
		{66547A58-E2AE-4721-B95E-740C84A2EA2C}.Release|x86.ActiveCfg = Release|Win32
		{66547A58-E2AE-4721-B95E-740C84A2EA2C}.Release|x86.Build.0 = Release|Win32
		{95137454-827B-452A-8356-B3DC8697B70C}.Debug|x86.ActiveCfg = Debug|Win32
		{95137454-827B-452A-8356-B3DC8697B70C}.Debug|x86.Build.0 = Debug|Win32
		{95137454-827B-452A-8356-B3DC8697B70C}.Release|x86.ActiveCfg = Release|Win32
		{95137454-827B-452A-8356-B3DC8697B70C}.Release|x86.Build.0 = Release|Win32
		{DCEAA9E2-D157-4AC2-B4C8-DDB26A6AD18C}.Debug|x86.ActiveCfg = Debug|Win32
		{DCEAA9E2-D157-4AC2-B4C8-DDB26A6AD18C}.Debug|x86.Build.0 = Debug|Win32
		{DCEAA9E2-D157-4AC2-B4C8-DDB26A6AD18C}.Release|x86.ActiveCfg = Release|Win32
		{DCEAA9E2-D157-4AC2-B4C8-DDB26A6AD18C}.Release|x86.Build.0 = Release|Win32
		{2589F435-D486-4BCC-9967-F4ECD216508D}.Debug|x86.ActiveCfg = Debug|Win32
		{2589F435-D486-4BCC-9967-F4ECD216508D}.Debug|x86.Build.0 = Debug|Win32
		{2589F435-D486-4BCC-9967-F4ECD216508D}.Release|x86.ActiveCfg = Release|Win32
		{2589F435-D486-4BCC-9967-F4ECD216508D}.Release|x86.Build.0 = Release|Win32
		{35AAC318-90AC-474F-A8D1-0090FA7ECF10}.Debug|x86.ActiveCfg = Debug|Win32
		{35AAC318-90AC-474F-A8D1-0090FA7ECF10}.Debug|x86.Build.0 = Debug|Win32
		{35AAC318-90AC-474F-A8D1-0090FA7ECF10}.Release|x86.ActiveCfg = Release|Win32
		{35AAC318-90AC-474F-A8D1-0090FA7ECF10}.Release|x86.Build.0 = Release|Win32
	EndGlobalSection
	GlobalSection(SolutionProperties) = preSolution
		HideSolutionNode = FALSE
	EndGlobalSection
EndGlobal
